{
  "lockfileVersion": 1,
  "configVersion": 0,
  "workspaces": {
    "": {
      "name": "laplace-jupiter",
      "dependencies": {
        "@laplace.live/event-bridge-sdk": "^1.0.7",
        "@mtcute/bun": "0.27.5",
      },
      "devDependencies": {
        "@biomejs/biome": "^2.4.2",
        "@types/bun": "^1.3.9",
      },
      "peerDependencies": {
        "typescript": "^5.9.2",
      },
    },
  },
  "packages": {
    "@biomejs/biome": ["@biomejs/biome@2.4.2", "", { "optionalDependencies": { "@biomejs/cli-darwin-arm64": "2.4.2", "@biomejs/cli-darwin-x64": "2.4.2", "@biomejs/cli-linux-arm64": "2.4.2", "@biomejs/cli-linux-arm64-musl": "2.4.2", "@biomejs/cli-linux-x64": "2.4.2", "@biomejs/cli-linux-x64-musl": "2.4.2", "@biomejs/cli-win32-arm64": "2.4.2", "@biomejs/cli-win32-x64": "2.4.2" }, "bin": { "biome": "bin/biome" } }, "sha512-vVE/FqLxNLbvYnFDYg3Xfrh1UdFhmPT5i+yPT9GE2nTUgI4rkqo5krw5wK19YHBd7aE7J6r91RRmb8RWwkjy6w=="],

    "@biomejs/cli-darwin-arm64": ["@biomejs/cli-darwin-arm64@2.4.2", "", { "os": "darwin", "cpu": "arm64" }, "sha512-3pEcKCP/1POKyaZZhXcxFl3+d9njmeAihZ17k8lL/1vk+6e0Cbf0yPzKItFiT+5Yh6TQA4uKvnlqe0oVZwRxCA=="],

    "@biomejs/cli-darwin-x64": ["@biomejs/cli-darwin-x64@2.4.2", "", { "os": "darwin", "cpu": "x64" }, "sha512-P7hK1jLVny+0R9UwyGcECxO6sjETxfPyBm/1dmFjnDOHgdDPjPqozByunrwh4xPKld8sxOr5eAsSqal5uKgeBg=="],

    "@biomejs/cli-linux-arm64": ["@biomejs/cli-linux-arm64@2.4.2", "", { "os": "linux", "cpu": "arm64" }, "sha512-DI3Mi7GT2zYNgUTDEbSjl3e1KhoP76OjQdm8JpvZYZWtVDRyLd3w8llSr2TWk1z+U3P44kUBWY3X7H9MD1/DGQ=="],

    "@biomejs/cli-linux-arm64-musl": ["@biomejs/cli-linux-arm64-musl@2.4.2", "", { "os": "linux", "cpu": "arm64" }, "sha512-/x04YK9+7erw6tYEcJv9WXoBHcULI/wMOvNdAyE9S3JStZZ9yJyV67sWAI+90UHuDo/BDhq0d96LDqGlSVv7WA=="],

    "@biomejs/cli-linux-x64": ["@biomejs/cli-linux-x64@2.4.2", "", { "os": "linux", "cpu": "x64" }, "sha512-GK2ErnrKpWFigYP68cXiCHK4RTL4IUWhK92AFS3U28X/nuAL5+hTuy6hyobc8JZRSt+upXt1nXChK+tuHHx4mA=="],

    "@biomejs/cli-linux-x64-musl": ["@biomejs/cli-linux-x64-musl@2.4.2", "", { "os": "linux", "cpu": "x64" }, "sha512-wbBmTkeAoAYbOQ33f6sfKG7pcRSydQiF+dTYOBjJsnXO2mWEOQHllKlC2YVnedqZFERp2WZhFUoO7TNRwnwEHQ=="],

    "@biomejs/cli-win32-arm64": ["@biomejs/cli-win32-arm64@2.4.2", "", { "os": "win32", "cpu": "arm64" }, "sha512-k2uqwLYrNNxnaoiW3RJxoMGnbKda8FuCmtYG3cOtVljs3CzWxaTR+AoXwKGHscC9thax9R4kOrtWqWN0+KdPTw=="],

    "@biomejs/cli-win32-x64": ["@biomejs/cli-win32-x64@2.4.2", "", { "os": "win32", "cpu": "x64" }, "sha512-9ma7C4g8Sq3cBlRJD2yrsHXB1mnnEBdpy7PhvFrylQWQb4PoyCmPucdX7frvsSBQuFtIiKCrolPl/8tCZrKvgQ=="],

    "@bufbuild/protobuf": ["@bufbuild/protobuf@2.8.0", "", {}, "sha512-r1/0w5C9dkbcdjyxY8ZHsC5AOWg4Pnzhm2zu7LO4UHSounp2tMm6Y+oioV9zlGbLveE7YaWRDUk48WLxRDgoqg=="],

    "@fuman/bun": ["@fuman/bun@0.0.17", "", { "dependencies": { "@fuman/io": "^0.0.17", "@fuman/net": "^0.0.17", "@fuman/utils": "^0.0.17" } }, "sha512-wyE9zWchBEO6+mGytPfOfu2VZOifzEWZGfGPRm/0+xkVPHBdyzPzswhd+2Pp2QC4+iqvrZQv4T2be+N9PgH8yA=="],

    "@fuman/io": ["@fuman/io@0.0.17", "", { "dependencies": { "@fuman/utils": "^0.0.17" } }, "sha512-VmMnfHtXzBfEddEfptn/oYshUzWqW2XUkdVnwKuHWphEQTQZrOWxC7G12FI9U2EhEYt4nRdrUTYk65U8GVJWYw=="],

    "@fuman/net": ["@fuman/net@0.0.17", "", { "dependencies": { "@fuman/io": "^0.0.17", "@fuman/utils": "^0.0.17" } }, "sha512-x/kK3kWQ+gy5rfsoS6QVCsodh9n/XJeM3c6m1YHPUiQ0gWWQd4CC1bcQ/rh2UHh9DQyJJeWjCQXWH2xmsVCcFQ=="],

    "@fuman/utils": ["@fuman/utils@0.0.17", "", {}, "sha512-hy1Xu1146nOspVam8FC6p4yakb1FV1V3KrS85RzcHiK7AccFKR43Fgtv8exC8Ybsw6MtMU+MRNyaPqVhA+7TsA=="],

    "@laplace.live/event-bridge-sdk": ["@laplace.live/event-bridge-sdk@1.0.7", "", { "dependencies": { "@laplace.live/event-types": "^2.0.13" } }, "sha512-Ja8qqAN0HUhvbIWRGjglbHsYFhQcl5/XDSoJWcSkfnm9bAJoMmsVM4sZSAHBiEBhjSE2sPjZ/FMf+nXJRfCHWw=="],

    "@laplace.live/event-types": ["@laplace.live/event-types@2.0.13", "", { "dependencies": { "@bufbuild/protobuf": "^2.8.0", "@laplace.live/internal": "^1.2.7" }, "peerDependencies": { "typescript": "^5.9.2" } }, "sha512-jFPwT+LQeWiA7+bsMDZg3vsX34LlfBV9bI/ypmvI7bgNUtKB7upqTpjUf1LDtMoO01ZhFVccaMeLfCiXmE9nZQ=="],

    "@laplace.live/internal": ["@laplace.live/internal@1.2.7", "", { "peerDependencies": { "typescript": "^5.9.2" } }, "sha512-S+eoBLaxn1SpyWesKoV21DoGSlFvD5FNFZUPbvOU5ryFifqE9n+/7mxH7qRI7phuOdTgGhBx24shqwtoLyTIdQ=="],

    "@mtcute/bun": ["@mtcute/bun@0.27.5", "", { "dependencies": { "@fuman/bun": "0.0.17", "@fuman/io": "0.0.17", "@fuman/net": "0.0.17", "@fuman/utils": "0.0.17", "@mtcute/core": "^0.27.5", "@mtcute/html-parser": "^0.27.5", "@mtcute/markdown-parser": "^0.27.5", "@mtcute/wasm": "^0.27.0" } }, "sha512-iMYnl2tWfX2RjRudrmNxPol0VTXR32I4hlahYKIGI1R/Z0CkvPKLEsBXOSbLbGFHsiiq86uGb5O8M88vX6XmUg=="],

    "@mtcute/core": ["@mtcute/core@0.27.9", "", { "dependencies": { "@fuman/io": "0.0.19", "@fuman/net": "0.0.19", "@fuman/utils": "0.0.19", "@mtcute/file-id": "^0.27.8", "@mtcute/tl": "^221.0.0", "@mtcute/tl-runtime": "^0.24.3", "@types/events": "3.0.0", "long": "5.2.3" } }, "sha512-kbi/ml8H7Asnn5u1yQVRVl8CVZd03WU2Z4Sgd5d3RYqaoqRUA9wgUV9aEhq+bEgsvmnEr+PuwZ+/HKriXhtqlA=="],

    "@mtcute/file-id": ["@mtcute/file-id@0.27.8", "", { "dependencies": { "@fuman/utils": "0.0.19", "@mtcute/tl-runtime": "^0.24.3", "long": "5.2.3" } }, "sha512-clwuBxVZKCSv65HMjxCx0zSnaZypAeNFy0pmnA0Uhvb9zvvB8lbd9Ig2BPieUkk/BbI+z8KZa0jvWOVe929Egw=="],

    "@mtcute/html-parser": ["@mtcute/html-parser@0.27.9", "", { "dependencies": { "@mtcute/core": "^0.27.9", "htmlparser2": "^10.0.0", "long": "5.2.3" } }, "sha512-ojq7ah4rwkLWmZP0fZx4glnSA7D75fcrMBS1HsEf6/uyrWy/F74aDZWwdLMrL8EjSVS0JdMKbli+kow+49JPJA=="],

    "@mtcute/markdown-parser": ["@mtcute/markdown-parser@0.27.9", "", { "dependencies": { "@mtcute/core": "^0.27.9", "long": "5.2.3" } }, "sha512-4roQapd+r3aZtP2BWeYbcPt6rhZUBv1Ua0CJfopGY25XlU3lEDYeqGrn0KuWYKr11dztEDo5M01IBmcyRqUlow=="],

    "@mtcute/tl": ["@mtcute/tl@221.0.0", "", { "dependencies": { "long": "5.2.3" } }, "sha512-Wp01L9nznTMLl2s9rbKnzQ8pij72eF4HK2XIziOQoJXiObPKZxQdxvMj+C6l0ArxMFmpT0H0/3EL5RB7O6VPwg=="],

    "@mtcute/tl-runtime": ["@mtcute/tl-runtime@0.24.3", "", { "dependencies": { "@fuman/utils": "0.0.15", "long": "5.2.3" } }, "sha512-61J3cgYgNOQT532GdIiuezRrSC7v6cc9MfvWv9GO27bRGf7JUKWVbFt4U0KzQ9Tp0J1uMOUfi1EbQKkYKacIKQ=="],

    "@mtcute/wasm": ["@mtcute/wasm@0.27.0", "", {}, "sha512-1v4eO1N1BVRQ8L+cyUsMAeLXs5suTGXyVv/tftkbd/mGGHxc+fvOWItp3Fmq+GIwN7m4VX7kztuMMLhHxv2i2Q=="],

    "@types/bun": ["@types/bun@1.3.9", "", { "dependencies": { "bun-types": "1.3.9" } }, "sha512-KQ571yULOdWJiMH+RIWIOZ7B2RXQGpL1YQrBtLIV3FqDcCu6FsbFUBwhdKUlCKUpS3PJDsHlJ1QKlpxoVR+xtw=="],

    "@types/events": ["@types/events@3.0.0", "", {}, "sha512-EaObqwIvayI5a8dCzhFrjKzVwKLxjoG9T6Ppd5CEo07LRKfQ8Yokw54r5+Wq7FaBQ+yXRvQAYPrHwya1/UFt9g=="],

    "@types/node": ["@types/node@24.3.0", "", { "dependencies": { "undici-types": "~7.10.0" } }, "sha512-aPTXCrfwnDLj4VvXrm+UUCQjNEvJgNA8s5F1cvwQU+3KNltTOkBm1j30uNLyqqPNe7gE3KFzImYoZEfLhp4Yow=="],

    "bun-types": ["bun-types@1.3.9", "", { "dependencies": { "@types/node": "*" } }, "sha512-+UBWWOakIP4Tswh0Bt0QD0alpTY8cb5hvgiYeWCMet9YukHbzuruIEeXC2D7nMJPB12kbh8C7XJykSexEqGKJg=="],

    "dom-serializer": ["dom-serializer@2.0.0", "", { "dependencies": { "domelementtype": "^2.3.0", "domhandler": "^5.0.2", "entities": "^4.2.0" } }, "sha512-wIkAryiqt/nV5EQKqQpo3SToSOV9J0DnbJqwK7Wv/Trc92zIAYZ4FlMu+JPFW1DfGFt81ZTCGgDEabffXeLyJg=="],

    "domelementtype": ["domelementtype@2.3.0", "", {}, "sha512-OLETBj6w0OsagBwdXnPdN0cnMfF9opN69co+7ZrbfPGrdpPVNBUj02spi6B1N7wChLQiPn4CSH/zJvXw56gmHw=="],

    "domhandler": ["domhandler@5.0.3", "", { "dependencies": { "domelementtype": "^2.3.0" } }, "sha512-cgwlv/1iFQiFnU96XXgROh8xTeetsnJiDsTc7TYCLFd9+/WNkIqPTxiM/8pSd8VIrhXGTf1Ny1q1hquVqDJB5w=="],

    "domutils": ["domutils@3.2.2", "", { "dependencies": { "dom-serializer": "^2.0.0", "domelementtype": "^2.3.0", "domhandler": "^5.0.3" } }, "sha512-6kZKyUajlDuqlHKVX1w7gyslj9MPIXzIFiz/rGu35uC1wMi+kMhQwGhl4lt9unC9Vb9INnY9Z3/ZA3+FhASLaw=="],

    "entities": ["entities@6.0.1", "", {}, "sha512-aN97NXWF6AWBTahfVOIrB/NShkzi5H7F9r1s9mD3cDj4Ko5f2qhhVoYMibXF7GlLveb/D2ioWay8lxI97Ven3g=="],

    "htmlparser2": ["htmlparser2@10.0.0", "", { "dependencies": { "domelementtype": "^2.3.0", "domhandler": "^5.0.3", "domutils": "^3.2.1", "entities": "^6.0.0" } }, "sha512-TwAZM+zE5Tq3lrEHvOlvwgj1XLWQCtaaibSN11Q+gGBAS7Y1uZSWwXXRe4iF6OXnaq1riyQAPFOBtYc77Mxq0g=="],

    "long": ["long@5.2.3", "", {}, "sha512-lcHwpNoggQTObv5apGNCTdJrO69eHOZMi4BNC+rTLER8iHAqGrUVeLh/irVIM7zTw2bOXA8T6uNPeujwOLg/2Q=="],

    "typescript": ["typescript@5.9.2", "", { "bin": { "tsc": "bin/tsc", "tsserver": "bin/tsserver" } }, "sha512-CWBzXQrc/qOkhidw1OzBTQuYRbfyxDXJMVJ1XNwUHGROVmuaeiEm3OslpZ1RV96d7SKKjZKrSJu3+t/xlw3R9A=="],

    "undici-types": ["undici-types@7.10.0", "", {}, "sha512-t5Fy/nfn+14LuOc2KNYg75vZqClpAiqscVvMygNnlsHBFpSXdJaYtXMcdNLpl/Qvc3P2cB3s6lOV51nqsFq4ag=="],

    "@mtcute/core/@fuman/io": ["@fuman/io@0.0.19", "", { "dependencies": { "@fuman/utils": "^0.0.19" } }, "sha512-B+2n3GVa9PCYMJ9xfsdXUlUV9yXO4gKLYfxm815PeJ+MGOw5TbEp166drRmBq1AtxVnP0efy6Oz9rYpKVODgow=="],

    "@mtcute/core/@fuman/net": ["@fuman/net@0.0.19", "", { "dependencies": { "@fuman/io": "^0.0.19", "@fuman/utils": "^0.0.19" } }, "sha512-yISM+JcZEWBpBYn0v2mUY/Zst4SsicTRaVTvRkVhMiZhgMzdXalfvRwRV/vsgwwL31bntwowCTDW4iilCJLbXg=="],

    "@mtcute/core/@fuman/utils": ["@fuman/utils@0.0.19", "", {}, "sha512-4qVrZ9AjKYztLJsNr1Tp7kL48b22dvVLN1iVW+Me8ZSQ0ILN0qknoxjsczVPReF7+GDWgknNxR2l6ggrA4SZyw=="],

    "@mtcute/file-id/@fuman/utils": ["@fuman/utils@0.0.19", "", {}, "sha512-4qVrZ9AjKYztLJsNr1Tp7kL48b22dvVLN1iVW+Me8ZSQ0ILN0qknoxjsczVPReF7+GDWgknNxR2l6ggrA4SZyw=="],

    "@mtcute/tl-runtime/@fuman/utils": ["@fuman/utils@0.0.15", "", {}, "sha512-3H3WzkfG7iLKCa/yNV4s80lYD4yr5hgiNzU13ysLY2BcDqFjM08XGYuLd5wFVp4V8+DA/fe8gIDW96To/JwDyA=="],

    "dom-serializer/entities": ["entities@4.5.0", "", {}, "sha512-V0hjH4dGPh9Ao5p0MoRY6BVqtwCjhz6vI5LT8AJ55H+4g9/4vbHx1I54fS0XuclLhDHArPQCiMjDxjaL8fPxhw=="],
  }
}
