{
  "lockfileVersion": 1,
  "workspaces": {
    "": {
      "name": "laplace-jupiter",
      "dependencies": {
        "@laplace.live/event-bridge-sdk": "^1.0.7",
        "@mtcute/bun": "^0.26.1",
      },
      "devDependencies": {
        "@biomejs/biome": "^2.2.4",
        "@types/bun": "^1.2.22",
      },
      "peerDependencies": {
        "typescript": "^5.9.2",
      },
    },
  },
  "packages": {
    "@biomejs/biome": ["@biomejs/biome@2.2.4", "", { "optionalDependencies": { "@biomejs/cli-darwin-arm64": "2.2.4", "@biomejs/cli-darwin-x64": "2.2.4", "@biomejs/cli-linux-arm64": "2.2.4", "@biomejs/cli-linux-arm64-musl": "2.2.4", "@biomejs/cli-linux-x64": "2.2.4", "@biomejs/cli-linux-x64-musl": "2.2.4", "@biomejs/cli-win32-arm64": "2.2.4", "@biomejs/cli-win32-x64": "2.2.4" }, "bin": { "biome": "bin/biome" } }, "sha512-TBHU5bUy/Ok6m8c0y3pZiuO/BZoY/OcGxoLlrfQof5s8ISVwbVBdFINPQZyFfKwil8XibYWb7JMwnT8wT4WVPg=="],

    "@biomejs/cli-darwin-arm64": ["@biomejs/cli-darwin-arm64@2.2.4", "", { "os": "darwin", "cpu": "arm64" }, "sha512-RJe2uiyaloN4hne4d2+qVj3d3gFJFbmrr5PYtkkjei1O9c+BjGXgpUPVbi8Pl8syumhzJjFsSIYkcLt2VlVLMA=="],

    "@biomejs/cli-darwin-x64": ["@biomejs/cli-darwin-x64@2.2.4", "", { "os": "darwin", "cpu": "x64" }, "sha512-cFsdB4ePanVWfTnPVaUX+yr8qV8ifxjBKMkZwN7gKb20qXPxd/PmwqUH8mY5wnM9+U0QwM76CxFyBRJhC9tQwg=="],

    "@biomejs/cli-linux-arm64": ["@biomejs/cli-linux-arm64@2.2.4", "", { "os": "linux", "cpu": "arm64" }, "sha512-M/Iz48p4NAzMXOuH+tsn5BvG/Jb07KOMTdSVwJpicmhN309BeEyRyQX+n1XDF0JVSlu28+hiTQ2L4rZPvu7nMw=="],

    "@biomejs/cli-linux-arm64-musl": ["@biomejs/cli-linux-arm64-musl@2.2.4", "", { "os": "linux", "cpu": "arm64" }, "sha512-7TNPkMQEWfjvJDaZRSkDCPT/2r5ESFPKx+TEev+I2BXDGIjfCZk2+b88FOhnJNHtksbOZv8ZWnxrA5gyTYhSsQ=="],

    "@biomejs/cli-linux-x64": ["@biomejs/cli-linux-x64@2.2.4", "", { "os": "linux", "cpu": "x64" }, "sha512-orr3nnf2Dpb2ssl6aihQtvcKtLySLta4E2UcXdp7+RTa7mfJjBgIsbS0B9GC8gVu0hjOu021aU8b3/I1tn+pVQ=="],

    "@biomejs/cli-linux-x64-musl": ["@biomejs/cli-linux-x64-musl@2.2.4", "", { "os": "linux", "cpu": "x64" }, "sha512-m41nFDS0ksXK2gwXL6W6yZTYPMH0LughqbsxInSKetoH6morVj43szqKx79Iudkp8WRT5SxSh7qVb8KCUiewGg=="],

    "@biomejs/cli-win32-arm64": ["@biomejs/cli-win32-arm64@2.2.4", "", { "os": "win32", "cpu": "arm64" }, "sha512-NXnfTeKHDFUWfxAefa57DiGmu9VyKi0cDqFpdI+1hJWQjGJhJutHPX0b5m+eXvTKOaf+brU+P0JrQAZMb5yYaQ=="],

    "@biomejs/cli-win32-x64": ["@biomejs/cli-win32-x64@2.2.4", "", { "os": "win32", "cpu": "x64" }, "sha512-3Y4V4zVRarVh/B/eSHczR4LYoSVyv3Dfuvm3cWs5w/HScccS0+Wt/lHOcDTRYeHjQmMYVC3rIRWqyN2EI52+zg=="],

    "@bufbuild/protobuf": ["@bufbuild/protobuf@2.8.0", "", {}, "sha512-r1/0w5C9dkbcdjyxY8ZHsC5AOWg4Pnzhm2zu7LO4UHSounp2tMm6Y+oioV9zlGbLveE7YaWRDUk48WLxRDgoqg=="],

    "@fuman/bun": ["@fuman/bun@0.0.15", "", { "dependencies": { "@fuman/io": "^0.0.15", "@fuman/net": "^0.0.15", "@fuman/utils": "^0.0.15" } }, "sha512-+NpJgXPVMsGf7t78PXTIA84a/DBCiN+/E51fEJUcI/JYr9wNn4LPlLZilIvFXluTWowgOXveC+AMg0dtCdsFAQ=="],

    "@fuman/io": ["@fuman/io@0.0.15", "", { "dependencies": { "@fuman/utils": "^0.0.15" } }, "sha512-e/WbbWKXUp5NUIP4uMx3u9tr2leXnLoo8tCu0HopgoWcdydS5Y4U/75hhm5MqBSZQXWgICzJuvz21O5J6/kTPA=="],

    "@fuman/net": ["@fuman/net@0.0.15", "", { "dependencies": { "@fuman/io": "^0.0.15", "@fuman/utils": "^0.0.15" } }, "sha512-lo2TvyoUlBiIvkc4CMMlpTU9OCVyaVWOHj9vTgQbmy7iE3XCVGsID5yr7huF2tXG7QkOex0s55NznRYYGeLPSQ=="],

    "@fuman/utils": ["@fuman/utils@0.0.15", "", {}, "sha512-3H3WzkfG7iLKCa/yNV4s80lYD4yr5hgiNzU13ysLY2BcDqFjM08XGYuLd5wFVp4V8+DA/fe8gIDW96To/JwDyA=="],

    "@laplace.live/event-bridge-sdk": ["@laplace.live/event-bridge-sdk@1.0.7", "", { "dependencies": { "@laplace.live/event-types": "^2.0.13" } }, "sha512-Ja8qqAN0HUhvbIWRGjglbHsYFhQcl5/XDSoJWcSkfnm9bAJoMmsVM4sZSAHBiEBhjSE2sPjZ/FMf+nXJRfCHWw=="],

    "@laplace.live/event-types": ["@laplace.live/event-types@2.0.13", "", { "dependencies": { "@bufbuild/protobuf": "^2.8.0", "@laplace.live/internal": "^1.2.7" }, "peerDependencies": { "typescript": "^5.9.2" } }, "sha512-jFPwT+LQeWiA7+bsMDZg3vsX34LlfBV9bI/ypmvI7bgNUtKB7upqTpjUf1LDtMoO01ZhFVccaMeLfCiXmE9nZQ=="],

    "@laplace.live/internal": ["@laplace.live/internal@1.2.7", "", { "peerDependencies": { "typescript": "^5.9.2" } }, "sha512-S+eoBLaxn1SpyWesKoV21DoGSlFvD5FNFZUPbvOU5ryFifqE9n+/7mxH7qRI7phuOdTgGhBx24shqwtoLyTIdQ=="],

    "@mtcute/bun": ["@mtcute/bun@0.26.1", "", { "dependencies": { "@fuman/bun": "0.0.15", "@fuman/io": "0.0.15", "@fuman/net": "0.0.15", "@fuman/utils": "0.0.15", "@mtcute/core": "^0.26.1", "@mtcute/html-parser": "^0.26.1", "@mtcute/markdown-parser": "^0.26.1", "@mtcute/wasm": "^0.24.3" } }, "sha512-B/kqZxhU967V+V+UBKfZzzrVKm7xc3H8DFG82Llz7QABLeADHzeyrAq9f6WDFHw8h/zFOL3HyCeq7aCVHeZO3Q=="],

    "@mtcute/core": ["@mtcute/core@0.26.1", "", { "dependencies": { "@fuman/io": "0.0.15", "@fuman/net": "0.0.15", "@fuman/utils": "0.0.15", "@mtcute/file-id": "^0.24.3", "@mtcute/tl": "^214.0.0", "@mtcute/tl-runtime": "^0.24.3", "@types/events": "3.0.0", "long": "5.2.3" } }, "sha512-np/CD41K0jHgHaM+BzAjVTG5pUCpcIxiMLGCeALeT2/EC4XLafXcZ84fVZP/IjvbBWL6Rmw8Cj9A+hLZBP58wg=="],

    "@mtcute/file-id": ["@mtcute/file-id@0.24.3", "", { "dependencies": { "@fuman/utils": "0.0.15", "@mtcute/tl-runtime": "^0.24.3", "long": "5.2.3" } }, "sha512-E00JsYonLZ2z5pzfbfmAuIz3+Fn60xliOn8SCRk6Qhht4aMWbJAkehkqhsmlWsM4C64hQvW8IHqinl9LVJyOLA=="],

    "@mtcute/html-parser": ["@mtcute/html-parser@0.26.1", "", { "dependencies": { "@mtcute/core": "^0.26.1", "htmlparser2": "^10.0.0", "long": "5.2.3" } }, "sha512-EQW1KN8WcYQBhBdaEJyVWH5SVralZdVwkibyaEq0mSc6yrqhhdnLsdTo4cgmGgp5Xb4xOgNcKYFSA5d5QPyl6Q=="],

    "@mtcute/markdown-parser": ["@mtcute/markdown-parser@0.26.1", "", { "dependencies": { "@mtcute/core": "^0.26.1", "long": "5.2.3" } }, "sha512-Gh1JTGAjVMcxc8xJj5uogezibZQu2EL63GRLArYIg9iMmVqYKbvzL4a3Wlu6bWW5djEyUbLd1TkQT9HEqjtIlA=="],

    "@mtcute/tl": ["@mtcute/tl@214.0.0", "", { "dependencies": { "long": "5.2.3" } }, "sha512-0dk5hL9eOHtpNPMIRBYVnPpSdMfDukQXP9y7ia81duT+ePFp29Ez5dyFP8UuHTaRYZzSb6uOLgOjiWehgPundA=="],

    "@mtcute/tl-runtime": ["@mtcute/tl-runtime@0.24.3", "", { "dependencies": { "@fuman/utils": "0.0.15", "long": "5.2.3" } }, "sha512-61J3cgYgNOQT532GdIiuezRrSC7v6cc9MfvWv9GO27bRGf7JUKWVbFt4U0KzQ9Tp0J1uMOUfi1EbQKkYKacIKQ=="],

    "@mtcute/wasm": ["@mtcute/wasm@0.24.3", "", {}, "sha512-6kI9r+g/4P6Dg6A1K1O0DC6KLIQp/ABeOxSWzBfH3YM2HR6Vc8RO/M0/6Ij7GwCvELNGAz9AWj/Qk8vM8c0ATg=="],

    "@types/bun": ["@types/bun@1.2.22", "", { "dependencies": { "bun-types": "1.2.22" } }, "sha512-5A/KrKos2ZcN0c6ljRSOa1fYIyCKhZfIVYeuyb4snnvomnpFqC0tTsEkdqNxbAgExV384OETQ//WAjl3XbYqQA=="],

    "@types/events": ["@types/events@3.0.0", "", {}, "sha512-EaObqwIvayI5a8dCzhFrjKzVwKLxjoG9T6Ppd5CEo07LRKfQ8Yokw54r5+Wq7FaBQ+yXRvQAYPrHwya1/UFt9g=="],

    "@types/node": ["@types/node@24.3.0", "", { "dependencies": { "undici-types": "~7.10.0" } }, "sha512-aPTXCrfwnDLj4VvXrm+UUCQjNEvJgNA8s5F1cvwQU+3KNltTOkBm1j30uNLyqqPNe7gE3KFzImYoZEfLhp4Yow=="],

    "@types/react": ["@types/react@19.1.11", "", { "dependencies": { "csstype": "^3.0.2" } }, "sha512-lr3jdBw/BGj49Eps7EvqlUaoeA0xpj3pc0RoJkHpYaCHkVK7i28dKyImLQb3JVlqs3aYSXf7qYuWOW/fgZnTXQ=="],

    "bun-types": ["bun-types@1.2.22", "", { "dependencies": { "@types/node": "*" }, "peerDependencies": { "@types/react": "^19" } }, "sha512-hwaAu8tct/Zn6Zft4U9BsZcXkYomzpHJX28ofvx7k0Zz2HNz54n1n+tDgxoWFGB4PcFvJXJQloPhaV2eP3Q6EA=="],

    "csstype": ["csstype@3.1.3", "", {}, "sha512-M1uQkMl8rQK/szD0LNhtqxIPLpimGm8sOBwU7lLnCpSbTyY3yeU1Vc7l4KT5zT4s/yOxHH5O7tIuuLOCnLADRw=="],

    "dom-serializer": ["dom-serializer@2.0.0", "", { "dependencies": { "domelementtype": "^2.3.0", "domhandler": "^5.0.2", "entities": "^4.2.0" } }, "sha512-wIkAryiqt/nV5EQKqQpo3SToSOV9J0DnbJqwK7Wv/Trc92zIAYZ4FlMu+JPFW1DfGFt81ZTCGgDEabffXeLyJg=="],

    "domelementtype": ["domelementtype@2.3.0", "", {}, "sha512-OLETBj6w0OsagBwdXnPdN0cnMfF9opN69co+7ZrbfPGrdpPVNBUj02spi6B1N7wChLQiPn4CSH/zJvXw56gmHw=="],

    "domhandler": ["domhandler@5.0.3", "", { "dependencies": { "domelementtype": "^2.3.0" } }, "sha512-cgwlv/1iFQiFnU96XXgROh8xTeetsnJiDsTc7TYCLFd9+/WNkIqPTxiM/8pSd8VIrhXGTf1Ny1q1hquVqDJB5w=="],

    "domutils": ["domutils@3.2.2", "", { "dependencies": { "dom-serializer": "^2.0.0", "domelementtype": "^2.3.0", "domhandler": "^5.0.3" } }, "sha512-6kZKyUajlDuqlHKVX1w7gyslj9MPIXzIFiz/rGu35uC1wMi+kMhQwGhl4lt9unC9Vb9INnY9Z3/ZA3+FhASLaw=="],

    "entities": ["entities@6.0.1", "", {}, "sha512-aN97NXWF6AWBTahfVOIrB/NShkzi5H7F9r1s9mD3cDj4Ko5f2qhhVoYMibXF7GlLveb/D2ioWay8lxI97Ven3g=="],

    "htmlparser2": ["htmlparser2@10.0.0", "", { "dependencies": { "domelementtype": "^2.3.0", "domhandler": "^5.0.3", "domutils": "^3.2.1", "entities": "^6.0.0" } }, "sha512-TwAZM+zE5Tq3lrEHvOlvwgj1XLWQCtaaibSN11Q+gGBAS7Y1uZSWwXXRe4iF6OXnaq1riyQAPFOBtYc77Mxq0g=="],

    "long": ["long@5.2.3", "", {}, "sha512-lcHwpNoggQTObv5apGNCTdJrO69eHOZMi4BNC+rTLER8iHAqGrUVeLh/irVIM7zTw2bOXA8T6uNPeujwOLg/2Q=="],

    "typescript": ["typescript@5.9.2", "", { "bin": { "tsc": "bin/tsc", "tsserver": "bin/tsserver" } }, "sha512-CWBzXQrc/qOkhidw1OzBTQuYRbfyxDXJMVJ1XNwUHGROVmuaeiEm3OslpZ1RV96d7SKKjZKrSJu3+t/xlw3R9A=="],

    "undici-types": ["undici-types@7.10.0", "", {}, "sha512-t5Fy/nfn+14LuOc2KNYg75vZqClpAiqscVvMygNnlsHBFpSXdJaYtXMcdNLpl/Qvc3P2cB3s6lOV51nqsFq4ag=="],

    "dom-serializer/entities": ["entities@4.5.0", "", {}, "sha512-V0hjH4dGPh9Ao5p0MoRY6BVqtwCjhz6vI5LT8AJ55H+4g9/4vbHx1I54fS0XuclLhDHArPQCiMjDxjaL8fPxhw=="],
  }
}
