{
  "lockfileVersion": 1,
  "workspaces": {
    "": {
      "name": "laplace-jupiter",
      "dependencies": {
        "@laplace.live/event-bridge-sdk": "^1.0.4",
        "@mtcute/bun": "^0.25.8",
      },
      "devDependencies": {
        "@biomejs/biome": "^2.2.3",
        "@types/bun": "latest",
      },
      "peerDependencies": {
        "typescript": "^5.9.2",
      },
    },
  },
  "packages": {
    "@biomejs/biome": ["@biomejs/biome@2.2.3", "", { "optionalDependencies": { "@biomejs/cli-darwin-arm64": "2.2.3", "@biomejs/cli-darwin-x64": "2.2.3", "@biomejs/cli-linux-arm64": "2.2.3", "@biomejs/cli-linux-arm64-musl": "2.2.3", "@biomejs/cli-linux-x64": "2.2.3", "@biomejs/cli-linux-x64-musl": "2.2.3", "@biomejs/cli-win32-arm64": "2.2.3", "@biomejs/cli-win32-x64": "2.2.3" }, "bin": { "biome": "bin/biome" } }, "sha512-9w0uMTvPrIdvUrxazZ42Ib7t8Y2yoGLKLdNne93RLICmaHw7mcLv4PPb5LvZLJF3141gQHiCColOh/v6VWlWmg=="],

    "@biomejs/cli-darwin-arm64": ["@biomejs/cli-darwin-arm64@2.2.3", "", { "os": "darwin", "cpu": "arm64" }, "sha512-OrqQVBpadB5eqzinXN4+Q6honBz+tTlKVCsbEuEpljK8ASSItzIRZUA02mTikl3H/1nO2BMPFiJ0nkEZNy3B1w=="],

    "@biomejs/cli-darwin-x64": ["@biomejs/cli-darwin-x64@2.2.3", "", { "os": "darwin", "cpu": "x64" }, "sha512-OCdBpb1TmyfsTgBAM1kPMXyYKTohQ48WpiN9tkt9xvU6gKVKHY4oVwteBebiOqyfyzCNaSiuKIPjmHjUZ2ZNMg=="],

    "@biomejs/cli-linux-arm64": ["@biomejs/cli-linux-arm64@2.2.3", "", { "os": "linux", "cpu": "arm64" }, "sha512-g/Uta2DqYpECxG+vUmTAmUKlVhnGEcY7DXWgKP8ruLRa8Si1QHsWknPY3B/wCo0KgYiFIOAZ9hjsHfNb9L85+g=="],

    "@biomejs/cli-linux-arm64-musl": ["@biomejs/cli-linux-arm64-musl@2.2.3", "", { "os": "linux", "cpu": "arm64" }, "sha512-q3w9jJ6JFPZPeqyvwwPeaiS/6NEszZ+pXKF+IczNo8Xj6fsii45a4gEEicKyKIytalV+s829ACZujQlXAiVLBQ=="],

    "@biomejs/cli-linux-x64": ["@biomejs/cli-linux-x64@2.2.3", "", { "os": "linux", "cpu": "x64" }, "sha512-LEtyYL1fJsvw35CxrbQ0gZoxOG3oZsAjzfRdvRBRHxOpQ91Q5doRVjvWW/wepgSdgk5hlaNzfeqpyGmfSD0Eyw=="],

    "@biomejs/cli-linux-x64-musl": ["@biomejs/cli-linux-x64-musl@2.2.3", "", { "os": "linux", "cpu": "x64" }, "sha512-y76Dn4vkP1sMRGPFlNc+OTETBhGPJ90jY3il6jAfur8XWrYBQV3swZ1Jo0R2g+JpOeeoA0cOwM7mJG6svDz79w=="],

    "@biomejs/cli-win32-arm64": ["@biomejs/cli-win32-arm64@2.2.3", "", { "os": "win32", "cpu": "arm64" }, "sha512-Ms9zFYzjcJK7LV+AOMYnjN3pV3xL8Prxf9aWdDVL74onLn5kcvZ1ZMQswE5XHtnd/r/0bnUd928Rpbs14BzVmA=="],

    "@biomejs/cli-win32-x64": ["@biomejs/cli-win32-x64@2.2.3", "", { "os": "win32", "cpu": "x64" }, "sha512-gvCpewE7mBwBIpqk1YrUqNR4mCiyJm6UI3YWQQXkedSSEwzRdodRpaKhbdbHw1/hmTWOVXQ+Eih5Qctf4TCVOQ=="],

    "@bufbuild/protobuf": ["@bufbuild/protobuf@2.7.0", "", {}, "sha512-qn6tAIZEw5i/wiESBF4nQxZkl86aY4KoO0IkUa2Lh+rya64oTOdJQFlZuMwI1Qz9VBJQrQC4QlSA2DNek5gCOA=="],

    "@fuman/bun": ["@fuman/bun@0.0.15", "", { "dependencies": { "@fuman/io": "^0.0.15", "@fuman/net": "^0.0.15", "@fuman/utils": "^0.0.15" } }, "sha512-+NpJgXPVMsGf7t78PXTIA84a/DBCiN+/E51fEJUcI/JYr9wNn4LPlLZilIvFXluTWowgOXveC+AMg0dtCdsFAQ=="],

    "@fuman/io": ["@fuman/io@0.0.15", "", { "dependencies": { "@fuman/utils": "^0.0.15" } }, "sha512-e/WbbWKXUp5NUIP4uMx3u9tr2leXnLoo8tCu0HopgoWcdydS5Y4U/75hhm5MqBSZQXWgICzJuvz21O5J6/kTPA=="],

    "@fuman/net": ["@fuman/net@0.0.15", "", { "dependencies": { "@fuman/io": "^0.0.15", "@fuman/utils": "^0.0.15" } }, "sha512-lo2TvyoUlBiIvkc4CMMlpTU9OCVyaVWOHj9vTgQbmy7iE3XCVGsID5yr7huF2tXG7QkOex0s55NznRYYGeLPSQ=="],

    "@fuman/utils": ["@fuman/utils@0.0.15", "", {}, "sha512-3H3WzkfG7iLKCa/yNV4s80lYD4yr5hgiNzU13ysLY2BcDqFjM08XGYuLd5wFVp4V8+DA/fe8gIDW96To/JwDyA=="],

    "@laplace.live/event-bridge-sdk": ["@laplace.live/event-bridge-sdk@1.0.4", "", { "dependencies": { "@laplace.live/event-types": "^2.0.12" } }, "sha512-vGOKpwFMSmnemi13F+phoYB78xs1qmx4y7H53D3mgwXOKpfzwxn4dz4m+nDGyy07FHZ+hTQ7siUUrVNjVbAiMw=="],

    "@laplace.live/event-types": ["@laplace.live/event-types@2.0.12", "", { "dependencies": { "@bufbuild/protobuf": "^2.6.2", "@laplace.live/internal": "^1.1.114" }, "peerDependencies": { "typescript": "^5.8.3" } }, "sha512-7KkMnn9+BhnkZkPKTXZpiArZFwoC1K9NG98O02Q0V8v+VnSzCsxUOV9yTLtfyststlkw4jou1yT/FzZe/IGgBw=="],

    "@laplace.live/internal": ["@laplace.live/internal@1.2.1", "", { "peerDependencies": { "typescript": "^5.8.3" } }, "sha512-KG5GY191jAqt+wETmfRxxWFwNQt/y+3j4DpYEzy5PHVRa5JMBTWHR9Iaex0J9ADVSZyDoXP5PlpD7u9IEMTOGg=="],

    "@mtcute/bun": ["@mtcute/bun@0.25.8", "", { "dependencies": { "@fuman/bun": "0.0.15", "@fuman/io": "0.0.15", "@fuman/net": "0.0.15", "@fuman/utils": "0.0.15", "@mtcute/core": "^0.25.8", "@mtcute/html-parser": "^0.25.8", "@mtcute/markdown-parser": "^0.25.8", "@mtcute/wasm": "^0.24.3" } }, "sha512-6vRGV8+KuJjOtPRqyjBP/zhFTlAMmvVCEkxFyffVHszq4utyjpw3hYWzuoBk3E9hZelkoscQKOb5u+Mh6xa5XQ=="],

    "@mtcute/core": ["@mtcute/core@0.25.8", "", { "dependencies": { "@fuman/io": "0.0.15", "@fuman/net": "0.0.15", "@fuman/utils": "0.0.15", "@mtcute/file-id": "^0.24.3", "@mtcute/tl": "^211.0.0", "@mtcute/tl-runtime": "^0.24.3", "@types/events": "3.0.0", "long": "5.2.3" } }, "sha512-lP0H1ZpicAwrcHC112BCugueUVp/XEVvlD+x+wTvphxOvR49GNpg521lMCRBSM40TcktepheJugPraoSJhc7cA=="],

    "@mtcute/file-id": ["@mtcute/file-id@0.24.3", "", { "dependencies": { "@fuman/utils": "0.0.15", "@mtcute/tl-runtime": "^0.24.3", "long": "5.2.3" } }, "sha512-E00JsYonLZ2z5pzfbfmAuIz3+Fn60xliOn8SCRk6Qhht4aMWbJAkehkqhsmlWsM4C64hQvW8IHqinl9LVJyOLA=="],

    "@mtcute/html-parser": ["@mtcute/html-parser@0.25.8", "", { "dependencies": { "@mtcute/core": "^0.25.8", "htmlparser2": "^10.0.0", "long": "5.2.3" } }, "sha512-SI41nnXOfkZBp+QMrmlxtr/4HBqOmZQUhzbkYxGzlDgPYHuHEdbh6PoKaEBFhYA1obeBCT9rFq1CgD7HlwInDg=="],

    "@mtcute/markdown-parser": ["@mtcute/markdown-parser@0.25.8", "", { "dependencies": { "@mtcute/core": "^0.25.8", "long": "5.2.3" } }, "sha512-4n/JgZSHQkG8MNd4bx/16KSeeZ30EBiXXWFHWxTa07Z4L12xpZ2PJ3WdmLPjhe/suY+p5PoKplmvbZLpKphRqQ=="],

    "@mtcute/tl": ["@mtcute/tl@211.0.0", "", { "dependencies": { "long": "5.2.3" } }, "sha512-hZ3ahdwnK17FtHtLYWRXx+bVIdglvpljte922Nn38Gp3g22vC0f3RKPiKWhrGKIycHHkqz7NSpsop7G8DWgmug=="],

    "@mtcute/tl-runtime": ["@mtcute/tl-runtime@0.24.3", "", { "dependencies": { "@fuman/utils": "0.0.15", "long": "5.2.3" } }, "sha512-61J3cgYgNOQT532GdIiuezRrSC7v6cc9MfvWv9GO27bRGf7JUKWVbFt4U0KzQ9Tp0J1uMOUfi1EbQKkYKacIKQ=="],

    "@mtcute/wasm": ["@mtcute/wasm@0.24.3", "", {}, "sha512-6kI9r+g/4P6Dg6A1K1O0DC6KLIQp/ABeOxSWzBfH3YM2HR6Vc8RO/M0/6Ij7GwCvELNGAz9AWj/Qk8vM8c0ATg=="],

    "@types/bun": ["@types/bun@1.2.21", "", { "dependencies": { "bun-types": "1.2.21" } }, "sha512-NiDnvEqmbfQ6dmZ3EeUO577s4P5bf4HCTXtI6trMc6f6RzirY5IrF3aIookuSpyslFzrnvv2lmEWv5HyC1X79A=="],

    "@types/events": ["@types/events@3.0.0", "", {}, "sha512-EaObqwIvayI5a8dCzhFrjKzVwKLxjoG9T6Ppd5CEo07LRKfQ8Yokw54r5+Wq7FaBQ+yXRvQAYPrHwya1/UFt9g=="],

    "@types/node": ["@types/node@24.3.0", "", { "dependencies": { "undici-types": "~7.10.0" } }, "sha512-aPTXCrfwnDLj4VvXrm+UUCQjNEvJgNA8s5F1cvwQU+3KNltTOkBm1j30uNLyqqPNe7gE3KFzImYoZEfLhp4Yow=="],

    "@types/react": ["@types/react@19.1.11", "", { "dependencies": { "csstype": "^3.0.2" } }, "sha512-lr3jdBw/BGj49Eps7EvqlUaoeA0xpj3pc0RoJkHpYaCHkVK7i28dKyImLQb3JVlqs3aYSXf7qYuWOW/fgZnTXQ=="],

    "bun-types": ["bun-types@1.2.21", "", { "dependencies": { "@types/node": "*" }, "peerDependencies": { "@types/react": "^19" } }, "sha512-sa2Tj77Ijc/NTLS0/Odjq/qngmEPZfbfnOERi0KRUYhT9R8M4VBioWVmMWE5GrYbKMc+5lVybXygLdibHaqVqw=="],

    "csstype": ["csstype@3.1.3", "", {}, "sha512-M1uQkMl8rQK/szD0LNhtqxIPLpimGm8sOBwU7lLnCpSbTyY3yeU1Vc7l4KT5zT4s/yOxHH5O7tIuuLOCnLADRw=="],

    "dom-serializer": ["dom-serializer@2.0.0", "", { "dependencies": { "domelementtype": "^2.3.0", "domhandler": "^5.0.2", "entities": "^4.2.0" } }, "sha512-wIkAryiqt/nV5EQKqQpo3SToSOV9J0DnbJqwK7Wv/Trc92zIAYZ4FlMu+JPFW1DfGFt81ZTCGgDEabffXeLyJg=="],

    "domelementtype": ["domelementtype@2.3.0", "", {}, "sha512-OLETBj6w0OsagBwdXnPdN0cnMfF9opN69co+7ZrbfPGrdpPVNBUj02spi6B1N7wChLQiPn4CSH/zJvXw56gmHw=="],

    "domhandler": ["domhandler@5.0.3", "", { "dependencies": { "domelementtype": "^2.3.0" } }, "sha512-cgwlv/1iFQiFnU96XXgROh8xTeetsnJiDsTc7TYCLFd9+/WNkIqPTxiM/8pSd8VIrhXGTf1Ny1q1hquVqDJB5w=="],

    "domutils": ["domutils@3.2.2", "", { "dependencies": { "dom-serializer": "^2.0.0", "domelementtype": "^2.3.0", "domhandler": "^5.0.3" } }, "sha512-6kZKyUajlDuqlHKVX1w7gyslj9MPIXzIFiz/rGu35uC1wMi+kMhQwGhl4lt9unC9Vb9INnY9Z3/ZA3+FhASLaw=="],

    "entities": ["entities@6.0.1", "", {}, "sha512-aN97NXWF6AWBTahfVOIrB/NShkzi5H7F9r1s9mD3cDj4Ko5f2qhhVoYMibXF7GlLveb/D2ioWay8lxI97Ven3g=="],

    "htmlparser2": ["htmlparser2@10.0.0", "", { "dependencies": { "domelementtype": "^2.3.0", "domhandler": "^5.0.3", "domutils": "^3.2.1", "entities": "^6.0.0" } }, "sha512-TwAZM+zE5Tq3lrEHvOlvwgj1XLWQCtaaibSN11Q+gGBAS7Y1uZSWwXXRe4iF6OXnaq1riyQAPFOBtYc77Mxq0g=="],

    "long": ["long@5.2.3", "", {}, "sha512-lcHwpNoggQTObv5apGNCTdJrO69eHOZMi4BNC+rTLER8iHAqGrUVeLh/irVIM7zTw2bOXA8T6uNPeujwOLg/2Q=="],

    "typescript": ["typescript@5.9.2", "", { "bin": { "tsc": "bin/tsc", "tsserver": "bin/tsserver" } }, "sha512-CWBzXQrc/qOkhidw1OzBTQuYRbfyxDXJMVJ1XNwUHGROVmuaeiEm3OslpZ1RV96d7SKKjZKrSJu3+t/xlw3R9A=="],

    "undici-types": ["undici-types@7.10.0", "", {}, "sha512-t5Fy/nfn+14LuOc2KNYg75vZqClpAiqscVvMygNnlsHBFpSXdJaYtXMcdNLpl/Qvc3P2cB3s6lOV51nqsFq4ag=="],

    "dom-serializer/entities": ["entities@4.5.0", "", {}, "sha512-V0hjH4dGPh9Ao5p0MoRY6BVqtwCjhz6vI5LT8AJ55H+4g9/4vbHx1I54fS0XuclLhDHArPQCiMjDxjaL8fPxhw=="],
  }
}
